{
  "name": "nkitsief088665CustomMessage",
  "version": "2.0.0",
  "lockfileVersion": 3,
  "requires": true,
  "packages": {
    "": {
      "name": "nkitsief088665CustomMessage",
      "version": "2.0.0",
      "license": "Apache-2.0",
      "devDependencies": {
        "@types/aws-lambda": "^8.10.92"
      }
    },
    "node_modules/@types/aws-lambda": {
      "version": "8.10.158",
      "resolved": "https://registry.npmjs.org/@types/aws-lambda/-/aws-lambda-8.10.158.tgz",
      "integrity": "sha512-v/n2WsL1ksRKigfqZ9ff7ANobfT3t/T8kI8UOiur98tREwFulv9lRv+pDrocGPWOe3DpD2Y2GKRO+OiyxwgaCQ==",
      "dev": true,
      "license": "MIT"
    }
  }
}
